# This file was autogenerated by uv via the following command:
#    uv pip compile pyproject.toml --extra dev --python-version 3.12 -o requirements-dev.lock
agent-eval-kit @ git+https://github.com/portable-genai/agent-eval-kit@a79f0afd125ba81c0fec001f9617f9473d6d7ec1
    # via agent-observability (pyproject.toml)
annotated-doc==0.0.5
    # via
    #   fastapi
    #   typer
annotated-types==0.8.0
    # via pydantic
anyio==4.14.2
    # via
    #   httpx
    #   starlette
    #   watchfiles
ast-serialize==0.8.0
    # via mypy
certifi==2026.7.22
    # via
    #   httpcore
    #   httpx
click==8.5.0
    # via uvicorn
fastapi==0.141.1
    # via agent-observability (pyproject.toml)
h11==0.16.0
    # via
    #   httpcore
    #   uvicorn
hex-service-kit @ git+https://github.com/portable-genai/hex-service-kit@418b969d79edc70e2b9d99856c5b48515f93e6f8
    # via agent-observability (pyproject.toml)
httpcore==1.0.9
    # via httpx
httptools==0.8.0
    # via uvicorn
httpx==0.28.1
    # via
    #   agent-observability (pyproject.toml)
    #   agent-eval-kit
idna==3.19
    # via
    #   anyio
    #   httpx
iniconfig==2.3.0
    # via pytest
librt==0.15.0
    # via mypy
markdown-it-py==4.2.0
    # via rich
mdurl==0.1.2
    # via markdown-it-py
mypy==2.3.1
    # via agent-observability (pyproject.toml)
mypy-extensions==1.1.0
    # via mypy
packaging==26.3
    # via pytest
pathspec==1.1.1
    # via mypy
pluggy==1.6.0
    # via pytest
pydantic==2.13.5
    # via
    #   agent-observability (pyproject.toml)
    #   fastapi
pydantic-core==2.46.5
    # via pydantic
pygments==2.21.0
    # via
    #   pytest
    #   rich
pytest==9.1.1
    # via agent-observability (pyproject.toml)
python-dotenv==1.2.3
    # via uvicorn
pyyaml==6.0.3
    # via
    #   agent-observability (pyproject.toml)
    #   uvicorn
rich==15.0.0
    # via typer
ruff==0.15.18
    # via agent-observability (pyproject.toml)
shellingham==1.5.4
    # via typer
starlette==1.6.0
    # via fastapi
typer==0.27.2
    # via agent-observability (pyproject.toml)
types-pyyaml==6.0.12.20260815
    # via agent-observability (pyproject.toml)
typing-extensions==4.16.0
    # via
    #   anyio
    #   fastapi
    #   mypy
    #   pydantic
    #   pydantic-core
    #   starlette
    #   typing-inspection
typing-inspection==0.4.4
    # via
    #   fastapi
    #   pydantic
uvicorn==0.52.4
    # via agent-observability (pyproject.toml)
uvloop==0.22.1
    # via uvicorn
watchfiles==1.2.0
    # via uvicorn
websockets==17.1
    # via uvicorn
